
Microsoft Visual Studio Solution File, Format Version 12.00
# Visual Studio Version 17
VisualStudioVersion = 17.8.34511.84
MinimumVisualStudioVersion = 10.0.40219.1
Project("{9A19103F-16F7-4668-BE54-9A1E7A4F7556}") = "MathLibrary", "MathLibrary\MathLibrary.csproj", "{5911D28E-8FB3-4C15-8449-92DAE1C35CEF}"
EndProject
Project("{9A19103F-16F7-4668-BE54-9A1E7A4F7556}") = "Sandbox", "Sandbox\Sandbox.csproj", "{CC78726C-ABE8-448D-9377-95C4C6B4431A}"
EndProject
Project("{9A19103F-16F7-4668-BE54-9A1E7A4F7556}") = "MathLibraryTests", "MathLibraryTests\MathLibraryTests.csproj", "{BA18C624-9C88-4E03-9131-465326872C8C}"
EndProject
Global
	GlobalSection(SolutionConfigurationPlatforms) = preSolution
		Debug|Any CPU = Debug|Any CPU
		Release|Any CPU = Release|Any CPU
	EndGlobalSection
	GlobalSection(ProjectConfigurationPlatforms) = postSolution
		{5911D28E-8FB3-4C15-8449-92DAE1C35CEF}.Debug|Any CPU.ActiveCfg = Debug|Any CPU
		{5911D28E-8FB3-4C15-8449-92DAE1C35CEF}.Debug|Any CPU.Build.0 = Debug|Any CPU
		{5911D28E-8FB3-4C15-8449-92DAE1C35CEF}.Release|Any CPU.ActiveCfg = Release|Any CPU
		{5911D28E-8FB3-4C15-8449-92DAE1C35CEF}.Release|Any CPU.Build.0 = Release|Any CPU
		{CC78726C-ABE8-448D-9377-95C4C6B4431A}.Debug|Any CPU.ActiveCfg = Debug|Any CPU
		{CC78726C-ABE8-448D-9377-95C4C6B4431A}.Debug|Any CPU.Build.0 = Debug|Any CPU
		{CC78726C-ABE8-448D-9377-95C4C6B4431A}.Release|Any CPU.ActiveCfg = Release|Any CPU
		{CC78726C-ABE8-448D-9377-95C4C6B4431A}.Release|Any CPU.Build.0 = Release|Any CPU
		{BA18C624-9C88-4E03-9131-465326872C8C}.Debug|Any CPU.ActiveCfg = Debug|Any CPU
		{BA18C624-9C88-4E03-9131-465326872C8C}.Debug|Any CPU.Build.0 = Debug|Any CPU
		{BA18C624-9C88-4E03-9131-465326872C8C}.Release|Any CPU.ActiveCfg = Release|Any CPU
		{BA18C624-9C88-4E03-9131-465326872C8C}.Release|Any CPU.Build.0 = Release|Any CPU
	EndGlobalSection
	GlobalSection(SolutionProperties) = preSolution
		HideSolutionNode = FALSE
	EndGlobalSection
	GlobalSection(ExtensibilityGlobals) = postSolution
		SolutionGuid = {75705D75-FC38-478E-8FAA-B34E24A210E6}
	EndGlobalSection
EndGlobal
